
Microsoft Visual Studio Solution File, Format Version 12.00
# Visual Studio 2013
VisualStudioVersion = 12.0.40629.0
MinimumVisualStudioVersion = 10.0.40219.1
Project("{F184B08F-C81C-45F6-A57F-5ABD9991F28F}") = "POMBCHQ", "POMBCHQ.vbproj", "{DECC23E8-7101-422F-9389-4DEF6E7559AE}"
EndProject
Global
	GlobalSection(SolutionConfigurationPlatforms) = preSolution
		Debug|Any CPU = Debug|Any CPU
		Release|Any CPU = Release|Any CPU
	EndGlobalSection
	GlobalSection(ProjectConfigurationPlatforms) = postSolution
		{DECC23E8-7101-422F-9389-4DEF6E7559AE}.Debug|Any CPU.ActiveCfg = Debug|Any CPU
		{DECC23E8-7101-422F-9389-4DEF6E7559AE}.Debug|Any CPU.Build.0 = Debug|Any CPU
		{DECC23E8-7101-422F-9389-4DEF6E7559AE}.Release|Any CPU.ActiveCfg = Release|Any CPU
		{DECC23E8-7101-422F-9389-4DEF6E7559AE}.Release|Any CPU.Build.0 = Release|Any CPU
	EndGlobalSection
	GlobalSection(SolutionProperties) = preSolution
		HideSolutionNode = FALSE
	EndGlobalSection
EndGlobal
