Microsoft Visual Studio Solution File, Format Version 12.00
# Visual Studio 2013
VisualStudioVersion = 12.0.40629.0
MinimumVisualStudioVersion = 10.0.40219.1
Project("{F184B08F-C81C-45F6-A57F-5ABD9991F28F}") = "TA811", "TA811.vbproj", "{BF90B7D2-5FB7-43C3-AFAA-CDEB432C366F}"
EndProject
Global
	GlobalSection(SolutionConfigurationPlatforms) = preSolution
		Debug|Any CPU = Debug|Any CPU
		Release|Any CPU = Release|Any CPU
	EndGlobalSection
	GlobalSection(ProjectConfigurationPlatforms) = postSolution
		{BF90B7D2-5FB7-43C3-AFAA-CDEB432C366F}.Debug|Any CPU.ActiveCfg = Debug|Any CPU
		{BF90B7D2-5FB7-43C3-AFAA-CDEB432C366F}.Debug|Any CPU.Build.0 = Debug|Any CPU
		{BF90B7D2-5FB7-43C3-AFAA-CDEB432C366F}.Release|Any CPU.ActiveCfg = Release|Any CPU
		{BF90B7D2-5FB7-43C3-AFAA-CDEB432C366F}.Release|Any CPU.Build.0 = Release|Any CPU
	EndGlobalSection
	GlobalSection(SolutionProperties) = preSolution
		HideSolutionNode = FALSE
	EndGlobalSection
	GlobalSection(ExtensibilityGlobals) = postSolution
		VisualSVNWorkingCopyRoot = .
	EndGlobalSection
EndGlobal
