
Microsoft Visual Studio Solution File, Format Version 12.00
# Visual Studio 2013
VisualStudioVersion = 12.0.40629.0
MinimumVisualStudioVersion = 10.0.40219.1
Project("{F184B08F-C81C-45F6-A57F-5ABD9991F28F}") = "LEDGERPR", "LEDGERPR.vbproj", "{0823DD49-1F2F-485B-A2E3-4F58C0255430}"
EndProject
Global
	GlobalSection(SolutionConfigurationPlatforms) = preSolution
		Debug|Any CPU = Debug|Any CPU
		Release|Any CPU = Release|Any CPU
	EndGlobalSection
	GlobalSection(ProjectConfigurationPlatforms) = postSolution
		{0823DD49-1F2F-485B-A2E3-4F58C0255430}.Debug|Any CPU.ActiveCfg = Debug|Any CPU
		{0823DD49-1F2F-485B-A2E3-4F58C0255430}.Debug|Any CPU.Build.0 = Debug|Any CPU
		{0823DD49-1F2F-485B-A2E3-4F58C0255430}.Release|Any CPU.ActiveCfg = Release|Any CPU
		{0823DD49-1F2F-485B-A2E3-4F58C0255430}.Release|Any CPU.Build.0 = Release|Any CPU
	EndGlobalSection
	GlobalSection(SolutionProperties) = preSolution
		HideSolutionNode = FALSE
	EndGlobalSection
EndGlobal
