
Microsoft Visual Studio Solution File, Format Version 12.00
# Visual Studio 2013
VisualStudioVersion = 12.0.40629.0
MinimumVisualStudioVersion = 10.0.40219.1
Project("{F184B08F-C81C-45F6-A57F-5ABD9991F28F}") = "TA218", "TA218.vbproj", "{C2536278-C883-4A31-9582-AAB5AAFF9A64}"
EndProject
Global
	GlobalSection(SolutionConfigurationPlatforms) = preSolution
		Debug|Any CPU = Debug|Any CPU
		Release|Any CPU = Release|Any CPU
	EndGlobalSection
	GlobalSection(ProjectConfigurationPlatforms) = postSolution
		{C2536278-C883-4A31-9582-AAB5AAFF9A64}.Debug|Any CPU.ActiveCfg = Debug|Any CPU
		{C2536278-C883-4A31-9582-AAB5AAFF9A64}.Debug|Any CPU.Build.0 = Debug|Any CPU
		{C2536278-C883-4A31-9582-AAB5AAFF9A64}.Release|Any CPU.ActiveCfg = Release|Any CPU
		{C2536278-C883-4A31-9582-AAB5AAFF9A64}.Release|Any CPU.Build.0 = Release|Any CPU
	EndGlobalSection
	GlobalSection(SolutionProperties) = preSolution
		HideSolutionNode = FALSE
	EndGlobalSection
	GlobalSection(ExtensibilityGlobals) = postSolution
		VisualSVNWorkingCopyRoot = .
	EndGlobalSection
EndGlobal
