
Microsoft Visual Studio Solution File, Format Version 12.00
# Visual Studio 2013
VisualStudioVersion = 12.0.40629.0
MinimumVisualStudioVersion = 10.0.40219.1
Project("{F184B08F-C81C-45F6-A57F-5ABD9991F28F}") = "TXE25", "TXE25.vbproj", "{C6DAB479-848B-4C05-829F-502522B2B2C1}"
EndProject
Global
	GlobalSection(SolutionConfigurationPlatforms) = preSolution
		Debug|Any CPU = Debug|Any CPU
		Release|Any CPU = Release|Any CPU
	EndGlobalSection
	GlobalSection(ProjectConfigurationPlatforms) = postSolution
		{C6DAB479-848B-4C05-829F-502522B2B2C1}.Debug|Any CPU.ActiveCfg = Debug|Any CPU
		{C6DAB479-848B-4C05-829F-502522B2B2C1}.Debug|Any CPU.Build.0 = Debug|Any CPU
		{C6DAB479-848B-4C05-829F-502522B2B2C1}.Release|Any CPU.ActiveCfg = Release|Any CPU
		{C6DAB479-848B-4C05-829F-502522B2B2C1}.Release|Any CPU.Build.0 = Release|Any CPU
	EndGlobalSection
	GlobalSection(SolutionProperties) = preSolution
		HideSolutionNode = FALSE
	EndGlobalSection
	GlobalSection(ExtensibilityGlobals) = postSolution
		VisualSVNWorkingCopyRoot = .
	EndGlobalSection
EndGlobal
