
Microsoft Visual Studio Solution File, Format Version 12.00
# Visual Studio 15
VisualStudioVersion = 15.0.33801.198
MinimumVisualStudioVersion = 10.0.40219.1
Project("{F184B08F-C81C-45F6-A57F-5ABD9991F28F}") = "TAP28", "TAP28.vbproj", "{114D2A43-837A-4F8B-9F30-9F0AEE05343D}"
EndProject
Global
	GlobalSection(SolutionConfigurationPlatforms) = preSolution
		Debug|Any CPU = Debug|Any CPU
		Release|Any CPU = Release|Any CPU
	EndGlobalSection
	GlobalSection(ProjectConfigurationPlatforms) = postSolution
		{114D2A43-837A-4F8B-9F30-9F0AEE05343D}.Debug|Any CPU.ActiveCfg = Debug|Any CPU
		{114D2A43-837A-4F8B-9F30-9F0AEE05343D}.Debug|Any CPU.Build.0 = Debug|Any CPU
		{114D2A43-837A-4F8B-9F30-9F0AEE05343D}.Release|Any CPU.ActiveCfg = Release|Any CPU
		{114D2A43-837A-4F8B-9F30-9F0AEE05343D}.Release|Any CPU.Build.0 = Release|Any CPU
	EndGlobalSection
	GlobalSection(SolutionProperties) = preSolution
		HideSolutionNode = FALSE
	EndGlobalSection
	GlobalSection(ExtensibilityGlobals) = postSolution
		VisualSVNWorkingCopyRoot = .
		SolutionGuid = {A7D02726-7EDD-4BAA-9D51-603B5C4687CF}
	EndGlobalSection
EndGlobal
