
Microsoft Visual Studio Solution File, Format Version 12.00
# Visual Studio 2013
VisualStudioVersion = 12.0.40629.0
MinimumVisualStudioVersion = 10.0.40219.1
Project("{F184B08F-C81C-45F6-A57F-5ABD9991F28F}") = "PRPRTCHK", "PRPRTCHK.vbproj", "{73ED81EA-9EED-440B-9745-A0F4709C30BE}"
EndProject
Global
	GlobalSection(SolutionConfigurationPlatforms) = preSolution
		Debug|Any CPU = Debug|Any CPU
		Release|Any CPU = Release|Any CPU
	EndGlobalSection
	GlobalSection(ProjectConfigurationPlatforms) = postSolution
		{73ED81EA-9EED-440B-9745-A0F4709C30BE}.Debug|Any CPU.ActiveCfg = Debug|Any CPU
		{73ED81EA-9EED-440B-9745-A0F4709C30BE}.Debug|Any CPU.Build.0 = Debug|Any CPU
		{73ED81EA-9EED-440B-9745-A0F4709C30BE}.Release|Any CPU.ActiveCfg = Release|Any CPU
		{73ED81EA-9EED-440B-9745-A0F4709C30BE}.Release|Any CPU.Build.0 = Release|Any CPU
	EndGlobalSection
	GlobalSection(SolutionProperties) = preSolution
		HideSolutionNode = FALSE
	EndGlobalSection
	GlobalSection(ExtensibilityGlobals) = postSolution
		VisualSVNWorkingCopyRoot = .
	EndGlobalSection
EndGlobal
