
Microsoft Visual Studio Solution File, Format Version 12.00
# Visual Studio 2013
VisualStudioVersion = 12.0.40629.0
MinimumVisualStudioVersion = 10.0.40219.1
Project("{F184B08F-C81C-45F6-A57F-5ABD9991F28F}") = "GL703", "GL703.vbproj", "{0542B175-9F93-4797-9CD9-B61735E0E5F8}"
EndProject
Global
	GlobalSection(SolutionConfigurationPlatforms) = preSolution
		Debug|Any CPU = Debug|Any CPU
		Release|Any CPU = Release|Any CPU
	EndGlobalSection
	GlobalSection(ProjectConfigurationPlatforms) = postSolution
		{0542B175-9F93-4797-9CD9-B61735E0E5F8}.Debug|Any CPU.ActiveCfg = Debug|Any CPU
		{0542B175-9F93-4797-9CD9-B61735E0E5F8}.Debug|Any CPU.Build.0 = Debug|Any CPU
		{0542B175-9F93-4797-9CD9-B61735E0E5F8}.Release|Any CPU.ActiveCfg = Release|Any CPU
		{0542B175-9F93-4797-9CD9-B61735E0E5F8}.Release|Any CPU.Build.0 = Release|Any CPU
	EndGlobalSection
	GlobalSection(SolutionProperties) = preSolution
		HideSolutionNode = FALSE
	EndGlobalSection
EndGlobal
