
Microsoft Visual Studio Solution File, Format Version 12.00
# Visual Studio 2013
VisualStudioVersion = 12.0.40629.0
MinimumVisualStudioVersion = 10.0.40219.1
Project("{F184B08F-C81C-45F6-A57F-5ABD9991F28F}") = "TA4073", "TA4073.vbproj", "{7657029F-D20D-4886-8260-C098FE726966}"
EndProject
Global
	GlobalSection(SolutionConfigurationPlatforms) = preSolution
		Debug|Any CPU = Debug|Any CPU
		Release|Any CPU = Release|Any CPU
	EndGlobalSection
	GlobalSection(ProjectConfigurationPlatforms) = postSolution
		{7657029F-D20D-4886-8260-C098FE726966}.Debug|Any CPU.ActiveCfg = Debug|Any CPU
		{7657029F-D20D-4886-8260-C098FE726966}.Debug|Any CPU.Build.0 = Debug|Any CPU
		{7657029F-D20D-4886-8260-C098FE726966}.Release|Any CPU.ActiveCfg = Release|Any CPU
		{7657029F-D20D-4886-8260-C098FE726966}.Release|Any CPU.Build.0 = Release|Any CPU
	EndGlobalSection
	GlobalSection(SolutionProperties) = preSolution
		HideSolutionNode = FALSE
	EndGlobalSection
	GlobalSection(ExtensibilityGlobals) = postSolution
		VisualSVNWorkingCopyRoot = .
	EndGlobalSection
EndGlobal
