
Microsoft Visual Studio Solution File, Format Version 12.00
# Visual Studio 15
VisualStudioVersion = 15.0.28307.1778
MinimumVisualStudioVersion = 10.0.40219.1
Project("{F184B08F-C81C-45F6-A57F-5ABD9991F28F}") = "TXSUPPLS", "TXSUPPLS.vbproj", "{DF0F292D-3D84-4016-9511-35424BA1F226}"
EndProject
Global
	GlobalSection(SolutionConfigurationPlatforms) = preSolution
		Debug|Any CPU = Debug|Any CPU
		Release|Any CPU = Release|Any CPU
	EndGlobalSection
	GlobalSection(ProjectConfigurationPlatforms) = postSolution
		{DF0F292D-3D84-4016-9511-35424BA1F226}.Debug|Any CPU.ActiveCfg = Debug|Any CPU
		{DF0F292D-3D84-4016-9511-35424BA1F226}.Debug|Any CPU.Build.0 = Debug|Any CPU
		{DF0F292D-3D84-4016-9511-35424BA1F226}.Release|Any CPU.ActiveCfg = Release|Any CPU
		{DF0F292D-3D84-4016-9511-35424BA1F226}.Release|Any CPU.Build.0 = Release|Any CPU
	EndGlobalSection
	GlobalSection(SolutionProperties) = preSolution
		HideSolutionNode = FALSE
	EndGlobalSection
	GlobalSection(ExtensibilityGlobals) = postSolution
		SolutionGuid = {969845D7-19CE-49D6-893E-C8C9B9E5EBCC}
	EndGlobalSection
EndGlobal

