
Microsoft Visual Studio Solution File, Format Version 12.00
# Visual Studio 2013
VisualStudioVersion = 12.0.40629.0
MinimumVisualStudioVersion = 10.0.40219.1
Project("{F184B08F-C81C-45F6-A57F-5ABD9991F28F}") = "AP230", "AP230.vbproj", "{B30EEB13-E443-419A-B938-3B2F4F9EB4EA}"
EndProject
Global
	GlobalSection(SolutionConfigurationPlatforms) = preSolution
		Debug|Any CPU = Debug|Any CPU
		Release|Any CPU = Release|Any CPU
	EndGlobalSection
	GlobalSection(ProjectConfigurationPlatforms) = postSolution
		{B30EEB13-E443-419A-B938-3B2F4F9EB4EA}.Debug|Any CPU.ActiveCfg = Debug|Any CPU
		{B30EEB13-E443-419A-B938-3B2F4F9EB4EA}.Debug|Any CPU.Build.0 = Debug|Any CPU
		{B30EEB13-E443-419A-B938-3B2F4F9EB4EA}.Release|Any CPU.ActiveCfg = Release|Any CPU
		{B30EEB13-E443-419A-B938-3B2F4F9EB4EA}.Release|Any CPU.Build.0 = Release|Any CPU
	EndGlobalSection
	GlobalSection(SolutionProperties) = preSolution
		HideSolutionNode = FALSE
	EndGlobalSection
	GlobalSection(ExtensibilityGlobals) = postSolution
		VisualSVNWorkingCopyRoot = .
	EndGlobalSection
EndGlobal
