Microsoft Visual Studio Solution File, Format Version 12.00
# Visual Studio 2013
VisualStudioVersion = 12.0.40629.0
MinimumVisualStudioVersion = 10.0.40219.1
Project("{F184B08F-C81C-45F6-A57F-5ABD9991F28F}") = "TX311", "TX311.vbproj", "{F04FDD3C-C339-445F-B981-6C3C4DADC865}"
EndProject
Global
	GlobalSection(SolutionConfigurationPlatforms) = preSolution
		Debug|Any CPU = Debug|Any CPU
		Release|Any CPU = Release|Any CPU
	EndGlobalSection
	GlobalSection(ProjectConfigurationPlatforms) = postSolution
		{F04FDD3C-C339-445F-B981-6C3C4DADC865}.Debug|Any CPU.ActiveCfg = Debug|Any CPU
		{F04FDD3C-C339-445F-B981-6C3C4DADC865}.Debug|Any CPU.Build.0 = Debug|Any CPU
		{F04FDD3C-C339-445F-B981-6C3C4DADC865}.Release|Any CPU.ActiveCfg = Release|Any CPU
		{F04FDD3C-C339-445F-B981-6C3C4DADC865}.Release|Any CPU.Build.0 = Release|Any CPU
	EndGlobalSection
	GlobalSection(SolutionProperties) = preSolution
		HideSolutionNode = FALSE
	EndGlobalSection
	GlobalSection(ExtensibilityGlobals) = postSolution
		VisualSVNWorkingCopyRoot = .
	EndGlobalSection
EndGlobal
