Microsoft Visual Studio Solution File, Format Version 12.00
# Visual Studio 2013
VisualStudioVersion = 12.0.40629.0
MinimumVisualStudioVersion = 10.0.40219.1
Project("{F184B08F-C81C-45F6-A57F-5ABD9991F28F}") = "TXA01", "TXA01.vbproj", "{D71D3951-F392-42C4-BF00-BD9B7EC4DD06}"
EndProject
Global
	GlobalSection(SolutionConfigurationPlatforms) = preSolution
		Debug|Any CPU = Debug|Any CPU
		Release|Any CPU = Release|Any CPU
	EndGlobalSection
	GlobalSection(ProjectConfigurationPlatforms) = postSolution
		{D71D3951-F392-42C4-BF00-BD9B7EC4DD06}.Debug|Any CPU.ActiveCfg = Debug|Any CPU
		{D71D3951-F392-42C4-BF00-BD9B7EC4DD06}.Debug|Any CPU.Build.0 = Debug|Any CPU
		{D71D3951-F392-42C4-BF00-BD9B7EC4DD06}.Release|Any CPU.ActiveCfg = Release|Any CPU
		{D71D3951-F392-42C4-BF00-BD9B7EC4DD06}.Release|Any CPU.Build.0 = Release|Any CPU
	EndGlobalSection
	GlobalSection(SolutionProperties) = preSolution
		HideSolutionNode = FALSE
	EndGlobalSection
	GlobalSection(ExtensibilityGlobals) = postSolution
		VisualSVNWorkingCopyRoot = .
	EndGlobalSection
EndGlobal
