
Microsoft Visual Studio Solution File, Format Version 12.00
# Visual Studio 2013
VisualStudioVersion = 12.0.40629.0
MinimumVisualStudioVersion = 10.0.40219.1
Project("{F184B08F-C81C-45F6-A57F-5ABD9991F28F}") = "TAP13", "TAP13.vbproj", "{D7947860-DE52-4BBC-B58C-94B4407BE834}"
EndProject
Global
	GlobalSection(SolutionConfigurationPlatforms) = preSolution
		Debug|Any CPU = Debug|Any CPU
		Release|Any CPU = Release|Any CPU
	EndGlobalSection
	GlobalSection(ProjectConfigurationPlatforms) = postSolution
		{D7947860-DE52-4BBC-B58C-94B4407BE834}.Debug|Any CPU.ActiveCfg = Debug|Any CPU
		{D7947860-DE52-4BBC-B58C-94B4407BE834}.Debug|Any CPU.Build.0 = Debug|Any CPU
		{D7947860-DE52-4BBC-B58C-94B4407BE834}.Release|Any CPU.ActiveCfg = Release|Any CPU
		{D7947860-DE52-4BBC-B58C-94B4407BE834}.Release|Any CPU.Build.0 = Release|Any CPU
	EndGlobalSection
	GlobalSection(SolutionProperties) = preSolution
		HideSolutionNode = FALSE
	EndGlobalSection
	GlobalSection(ExtensibilityGlobals) = postSolution
		VisualSVNWorkingCopyRoot = .
	EndGlobalSection
EndGlobal
