Microsoft Visual Studio Solution File, Format Version 12.00
# Visual Studio 2013
VisualStudioVersion = 12.0.40629.0
MinimumVisualStudioVersion = 10.0.40219.1
Project("{F184B08F-C81C-45F6-A57F-5ABD9991F28F}") = "FA001", "FA001.vbproj", "{3D866034-4C81-456A-A23C-544A4E44ACAC}"
EndProject
Global
	GlobalSection(SolutionConfigurationPlatforms) = preSolution
		Debug|Any CPU = Debug|Any CPU
		Release|Any CPU = Release|Any CPU
	EndGlobalSection
	GlobalSection(ProjectConfigurationPlatforms) = postSolution
		{3D866034-4C81-456A-A23C-544A4E44ACAC}.Debug|Any CPU.ActiveCfg = Debug|Any CPU
		{3D866034-4C81-456A-A23C-544A4E44ACAC}.Debug|Any CPU.Build.0 = Debug|Any CPU
		{3D866034-4C81-456A-A23C-544A4E44ACAC}.Release|Any CPU.ActiveCfg = Release|Any CPU
		{3D866034-4C81-456A-A23C-544A4E44ACAC}.Release|Any CPU.Build.0 = Release|Any CPU
	EndGlobalSection
	GlobalSection(SolutionProperties) = preSolution
		HideSolutionNode = FALSE
	EndGlobalSection
	GlobalSection(ExtensibilityGlobals) = postSolution
		VisualSVNWorkingCopyRoot = .
	EndGlobalSection
EndGlobal
