
Microsoft Visual Studio Solution File, Format Version 12.00
# Visual Studio 15
VisualStudioVersion = 15.0.28307.1758
MinimumVisualStudioVersion = 10.0.40219.1
Project("{F184B08F-C81C-45F6-A57F-5ABD9991F28F}") = "TAP26", "TAP26.vbproj", "{A0121CAA-3365-44EC-832E-A00699D4D153}"
EndProject
Global
	GlobalSection(SolutionConfigurationPlatforms) = preSolution
		Debug|Any CPU = Debug|Any CPU
		Release|Any CPU = Release|Any CPU
	EndGlobalSection
	GlobalSection(ProjectConfigurationPlatforms) = postSolution
		{A0121CAA-3365-44EC-832E-A00699D4D153}.Debug|Any CPU.ActiveCfg = Debug|Any CPU
		{A0121CAA-3365-44EC-832E-A00699D4D153}.Debug|Any CPU.Build.0 = Debug|Any CPU
		{A0121CAA-3365-44EC-832E-A00699D4D153}.Release|Any CPU.ActiveCfg = Release|Any CPU
		{A0121CAA-3365-44EC-832E-A00699D4D153}.Release|Any CPU.Build.0 = Release|Any CPU
	EndGlobalSection
	GlobalSection(SolutionProperties) = preSolution
		HideSolutionNode = FALSE
	EndGlobalSection
	GlobalSection(ExtensibilityGlobals) = postSolution
		VisualSVNWorkingCopyRoot = .
		SolutionGuid = {6967FE30-0CB1-4BE5-8620-7D066FE09627}
	EndGlobalSection
EndGlobal
