
Microsoft Visual Studio Solution File, Format Version 12.00
# Visual Studio 15
VisualStudioVersion = 15.0.28307.1622
MinimumVisualStudioVersion = 10.0.40219.1
Project("{F184B08F-C81C-45F6-A57F-5ABD9991F28F}") = "DEPSEC", "DEPSEC.vbproj", "{308C5C65-C165-4710-B811-436981A834B5}"
EndProject
Global
	GlobalSection(SolutionConfigurationPlatforms) = preSolution
		Debug|Any CPU = Debug|Any CPU
		Release|Any CPU = Release|Any CPU
	EndGlobalSection
	GlobalSection(ProjectConfigurationPlatforms) = postSolution
		{308C5C65-C165-4710-B811-436981A834B5}.Debug|Any CPU.ActiveCfg = Debug|Any CPU
		{308C5C65-C165-4710-B811-436981A834B5}.Debug|Any CPU.Build.0 = Debug|Any CPU
		{308C5C65-C165-4710-B811-436981A834B5}.Release|Any CPU.ActiveCfg = Release|Any CPU
		{308C5C65-C165-4710-B811-436981A834B5}.Release|Any CPU.Build.0 = Release|Any CPU
	EndGlobalSection
	GlobalSection(SolutionProperties) = preSolution
		HideSolutionNode = FALSE
	EndGlobalSection
	GlobalSection(ExtensibilityGlobals) = postSolution
		SolutionGuid = {6F4CAE82-2DAA-4E6F-9216-24CEB5C4FCC4}
	EndGlobalSection
EndGlobal
