
Microsoft Visual Studio Solution File, Format Version 12.00
# Visual Studio 15
VisualStudioVersion = 15.0.28307.1758
MinimumVisualStudioVersion = 10.0.40219.1
Project("{F184B08F-C81C-45F6-A57F-5ABD9991F28F}") = "PRGLMAP", "PRGLMAP.vbproj", "{E85E9C95-8A0A-46B1-91C3-D7DC39916528}"
EndProject
Global
	GlobalSection(SolutionConfigurationPlatforms) = preSolution
		Debug|Any CPU = Debug|Any CPU
		Release|Any CPU = Release|Any CPU
	EndGlobalSection
	GlobalSection(ProjectConfigurationPlatforms) = postSolution
		{E85E9C95-8A0A-46B1-91C3-D7DC39916528}.Debug|Any CPU.ActiveCfg = Debug|Any CPU
		{E85E9C95-8A0A-46B1-91C3-D7DC39916528}.Debug|Any CPU.Build.0 = Debug|Any CPU
		{E85E9C95-8A0A-46B1-91C3-D7DC39916528}.Release|Any CPU.ActiveCfg = Release|Any CPU
		{E85E9C95-8A0A-46B1-91C3-D7DC39916528}.Release|Any CPU.Build.0 = Release|Any CPU
	EndGlobalSection
	GlobalSection(SolutionProperties) = preSolution
		HideSolutionNode = FALSE
	EndGlobalSection
	GlobalSection(ExtensibilityGlobals) = postSolution
		SolutionGuid = {C06D3835-98CD-40C0-8739-BC719A1F29E3}
	EndGlobalSection
EndGlobal
